
Microsoft Visual Studio Solution File, Format Version 12.00
# Visual Studio Version 16
VisualStudioVersion = 16.0.32413.511
MinimumVisualStudioVersion = 10.0.40219.1
Project("{FAE04EC0-301F-11D3-BF4B-00C04F79EFBC}") = "IcarusLib", "IcarusLib\IcarusLib.csproj", "{050FC3A3-B4C3-4B65-88F8-41C1843D636B}"
EndProject
Project("{FAE04EC0-301F-11D3-BF4B-00C04F79EFBC}") = "MakeImagesResX", "MakeImagesResX\MakeImagesResX.csproj", "{0B74ECAA-6256-4E24-9F99-7FAB9D12643A}"
EndProject
Project("{FAE04EC0-301F-11D3-BF4B-00C04F79EFBC}") = "MakingRecipeHelper", "MakingRecipeHelper\MakingRecipeHelper.csproj", "{734877E8-2021-4010-AE3F-38EE4F6C0C90}"
EndProject
Project("{FAE04EC0-301F-11D3-BF4B-00C04F79EFBC}") = "WhatDoYouNeed", "WhatDoYouNeed\WhatDoYouNeed.csproj", "{E8CB7FB0-227D-4887-977D-B8ED94CC3B68}"
EndProject
Global
	GlobalSection(SolutionConfigurationPlatforms) = preSolution
		Debug|Any CPU = Debug|Any CPU
		Debug|ARM = Debug|ARM
		Debug|ARM64 = Debug|ARM64
		Debug|x64 = Debug|x64
		Debug|x86 = Debug|x86
		Release|Any CPU = Release|Any CPU
		Release|ARM = Release|ARM
		Release|ARM64 = Release|ARM64
		Release|x64 = Release|x64
		Release|x86 = Release|x86
	EndGlobalSection
	GlobalSection(ProjectConfigurationPlatforms) = postSolution
		{050FC3A3-B4C3-4B65-88F8-41C1843D636B}.Debug|Any CPU.ActiveCfg = Debug|Any CPU
		{050FC3A3-B4C3-4B65-88F8-41C1843D636B}.Debug|Any CPU.Build.0 = Debug|Any CPU
		{050FC3A3-B4C3-4B65-88F8-41C1843D636B}.Debug|ARM.ActiveCfg = Debug|Any CPU
		{050FC3A3-B4C3-4B65-88F8-41C1843D636B}.Debug|ARM.Build.0 = Debug|Any CPU
		{050FC3A3-B4C3-4B65-88F8-41C1843D636B}.Debug|ARM64.ActiveCfg = Debug|Any CPU
		{050FC3A3-B4C3-4B65-88F8-41C1843D636B}.Debug|ARM64.Build.0 = Debug|Any CPU
		{050FC3A3-B4C3-4B65-88F8-41C1843D636B}.Debug|x64.ActiveCfg = Debug|Any CPU
		{050FC3A3-B4C3-4B65-88F8-41C1843D636B}.Debug|x64.Build.0 = Debug|Any CPU
		{050FC3A3-B4C3-4B65-88F8-41C1843D636B}.Debug|x86.ActiveCfg = Debug|Any CPU
		{050FC3A3-B4C3-4B65-88F8-41C1843D636B}.Debug|x86.Build.0 = Debug|Any CPU
		{050FC3A3-B4C3-4B65-88F8-41C1843D636B}.Release|Any CPU.ActiveCfg = Release|Any CPU
		{050FC3A3-B4C3-4B65-88F8-41C1843D636B}.Release|Any CPU.Build.0 = Release|Any CPU
		{050FC3A3-B4C3-4B65-88F8-41C1843D636B}.Release|ARM.ActiveCfg = Release|Any CPU
		{050FC3A3-B4C3-4B65-88F8-41C1843D636B}.Release|ARM.Build.0 = Release|Any CPU
		{050FC3A3-B4C3-4B65-88F8-41C1843D636B}.Release|ARM64.ActiveCfg = Release|Any CPU
		{050FC3A3-B4C3-4B65-88F8-41C1843D636B}.Release|ARM64.Build.0 = Release|Any CPU
		{050FC3A3-B4C3-4B65-88F8-41C1843D636B}.Release|x64.ActiveCfg = Release|Any CPU
		{050FC3A3-B4C3-4B65-88F8-41C1843D636B}.Release|x64.Build.0 = Release|Any CPU
		{050FC3A3-B4C3-4B65-88F8-41C1843D636B}.Release|x86.ActiveCfg = Release|Any CPU
		{050FC3A3-B4C3-4B65-88F8-41C1843D636B}.Release|x86.Build.0 = Release|Any CPU
		{0B74ECAA-6256-4E24-9F99-7FAB9D12643A}.Debug|Any CPU.ActiveCfg = Debug|Any CPU
		{0B74ECAA-6256-4E24-9F99-7FAB9D12643A}.Debug|Any CPU.Build.0 = Debug|Any CPU
		{0B74ECAA-6256-4E24-9F99-7FAB9D12643A}.Debug|ARM.ActiveCfg = Debug|Any CPU
		{0B74ECAA-6256-4E24-9F99-7FAB9D12643A}.Debug|ARM.Build.0 = Debug|Any CPU
		{0B74ECAA-6256-4E24-9F99-7FAB9D12643A}.Debug|ARM64.ActiveCfg = Debug|Any CPU
		{0B74ECAA-6256-4E24-9F99-7FAB9D12643A}.Debug|ARM64.Build.0 = Debug|Any CPU
		{0B74ECAA-6256-4E24-9F99-7FAB9D12643A}.Debug|x64.ActiveCfg = Debug|Any CPU
		{0B74ECAA-6256-4E24-9F99-7FAB9D12643A}.Debug|x64.Build.0 = Debug|Any CPU
		{0B74ECAA-6256-4E24-9F99-7FAB9D12643A}.Debug|x86.ActiveCfg = Debug|Any CPU
		{0B74ECAA-6256-4E24-9F99-7FAB9D12643A}.Debug|x86.Build.0 = Debug|Any CPU
		{0B74ECAA-6256-4E24-9F99-7FAB9D12643A}.Release|Any CPU.ActiveCfg = Release|Any CPU
		{0B74ECAA-6256-4E24-9F99-7FAB9D12643A}.Release|Any CPU.Build.0 = Release|Any CPU
		{0B74ECAA-6256-4E24-9F99-7FAB9D12643A}.Release|ARM.ActiveCfg = Release|Any CPU
		{0B74ECAA-6256-4E24-9F99-7FAB9D12643A}.Release|ARM.Build.0 = Release|Any CPU
		{0B74ECAA-6256-4E24-9F99-7FAB9D12643A}.Release|ARM64.ActiveCfg = Release|Any CPU
		{0B74ECAA-6256-4E24-9F99-7FAB9D12643A}.Release|ARM64.Build.0 = Release|Any CPU
		{0B74ECAA-6256-4E24-9F99-7FAB9D12643A}.Release|x64.ActiveCfg = Release|Any CPU
		{0B74ECAA-6256-4E24-9F99-7FAB9D12643A}.Release|x64.Build.0 = Release|Any CPU
		{0B74ECAA-6256-4E24-9F99-7FAB9D12643A}.Release|x86.ActiveCfg = Release|Any CPU
		{0B74ECAA-6256-4E24-9F99-7FAB9D12643A}.Release|x86.Build.0 = Release|Any CPU
		{734877E8-2021-4010-AE3F-38EE4F6C0C90}.Debug|Any CPU.ActiveCfg = Debug|Any CPU
		{734877E8-2021-4010-AE3F-38EE4F6C0C90}.Debug|Any CPU.Build.0 = Debug|Any CPU
		{734877E8-2021-4010-AE3F-38EE4F6C0C90}.Debug|ARM.ActiveCfg = Debug|Any CPU
		{734877E8-2021-4010-AE3F-38EE4F6C0C90}.Debug|ARM.Build.0 = Debug|Any CPU
		{734877E8-2021-4010-AE3F-38EE4F6C0C90}.Debug|ARM64.ActiveCfg = Debug|Any CPU
		{734877E8-2021-4010-AE3F-38EE4F6C0C90}.Debug|ARM64.Build.0 = Debug|Any CPU
		{734877E8-2021-4010-AE3F-38EE4F6C0C90}.Debug|x64.ActiveCfg = Debug|Any CPU
		{734877E8-2021-4010-AE3F-38EE4F6C0C90}.Debug|x64.Build.0 = Debug|Any CPU
		{734877E8-2021-4010-AE3F-38EE4F6C0C90}.Debug|x86.ActiveCfg = Debug|Any CPU
		{734877E8-2021-4010-AE3F-38EE4F6C0C90}.Debug|x86.Build.0 = Debug|Any CPU
		{734877E8-2021-4010-AE3F-38EE4F6C0C90}.Release|Any CPU.ActiveCfg = Release|Any CPU
		{734877E8-2021-4010-AE3F-38EE4F6C0C90}.Release|Any CPU.Build.0 = Release|Any CPU
		{734877E8-2021-4010-AE3F-38EE4F6C0C90}.Release|ARM.ActiveCfg = Release|Any CPU
		{734877E8-2021-4010-AE3F-38EE4F6C0C90}.Release|ARM.Build.0 = Release|Any CPU
		{734877E8-2021-4010-AE3F-38EE4F6C0C90}.Release|ARM64.ActiveCfg = Release|Any CPU
		{734877E8-2021-4010-AE3F-38EE4F6C0C90}.Release|ARM64.Build.0 = Release|Any CPU
		{734877E8-2021-4010-AE3F-38EE4F6C0C90}.Release|x64.ActiveCfg = Release|Any CPU
		{734877E8-2021-4010-AE3F-38EE4F6C0C90}.Release|x64.Build.0 = Release|Any CPU
		{734877E8-2021-4010-AE3F-38EE4F6C0C90}.Release|x86.ActiveCfg = Release|Any CPU
		{734877E8-2021-4010-AE3F-38EE4F6C0C90}.Release|x86.Build.0 = Release|Any CPU
		{E8CB7FB0-227D-4887-977D-B8ED94CC3B68}.Debug|Any CPU.ActiveCfg = Debug|Any CPU
		{E8CB7FB0-227D-4887-977D-B8ED94CC3B68}.Debug|Any CPU.Build.0 = Debug|Any CPU
		{E8CB7FB0-227D-4887-977D-B8ED94CC3B68}.Debug|ARM.ActiveCfg = Debug|Any CPU
		{E8CB7FB0-227D-4887-977D-B8ED94CC3B68}.Debug|ARM.Build.0 = Debug|Any CPU
		{E8CB7FB0-227D-4887-977D-B8ED94CC3B68}.Debug|ARM64.ActiveCfg = Debug|Any CPU
		{E8CB7FB0-227D-4887-977D-B8ED94CC3B68}.Debug|ARM64.Build.0 = Debug|Any CPU
		{E8CB7FB0-227D-4887-977D-B8ED94CC3B68}.Debug|x64.ActiveCfg = Debug|Any CPU
		{E8CB7FB0-227D-4887-977D-B8ED94CC3B68}.Debug|x64.Build.0 = Debug|Any CPU
		{E8CB7FB0-227D-4887-977D-B8ED94CC3B68}.Debug|x86.ActiveCfg = Debug|Any CPU
		{E8CB7FB0-227D-4887-977D-B8ED94CC3B68}.Debug|x86.Build.0 = Debug|Any CPU
		{E8CB7FB0-227D-4887-977D-B8ED94CC3B68}.Release|Any CPU.ActiveCfg = Release|Any CPU
		{E8CB7FB0-227D-4887-977D-B8ED94CC3B68}.Release|Any CPU.Build.0 = Release|Any CPU
		{E8CB7FB0-227D-4887-977D-B8ED94CC3B68}.Release|ARM.ActiveCfg = Release|Any CPU
		{E8CB7FB0-227D-4887-977D-B8ED94CC3B68}.Release|ARM.Build.0 = Release|Any CPU
		{E8CB7FB0-227D-4887-977D-B8ED94CC3B68}.Release|ARM64.ActiveCfg = Release|Any CPU
		{E8CB7FB0-227D-4887-977D-B8ED94CC3B68}.Release|ARM64.Build.0 = Release|Any CPU
		{E8CB7FB0-227D-4887-977D-B8ED94CC3B68}.Release|x64.ActiveCfg = Release|Any CPU
		{E8CB7FB0-227D-4887-977D-B8ED94CC3B68}.Release|x64.Build.0 = Release|Any CPU
		{E8CB7FB0-227D-4887-977D-B8ED94CC3B68}.Release|x86.ActiveCfg = Release|Any CPU
		{E8CB7FB0-227D-4887-977D-B8ED94CC3B68}.Release|x86.Build.0 = Release|Any CPU
	EndGlobalSection
	GlobalSection(SolutionProperties) = preSolution
		HideSolutionNode = FALSE
	EndGlobalSection
	GlobalSection(ExtensibilityGlobals) = postSolution
		RESX_Rules = {"EnabledRules":["StringFormat","WhiteSpaceLead","PunctuationLead","PunctuationTail"]}
		RESX_DuplicateKeyHandling = Fail
		RESX_AutoCreateNewLanguageFiles = True
		SolutionGuid = {E3E514C4-55D8-4833-8F00-5E55E99D9A0C}
	EndGlobalSection
EndGlobal
